<?xml version="1.0" encoding="UTF-8" standalone="yes" ?>
<CodeBlocks_project_file>
	<FileVersion major="1" minor="6" />
	<Project>
		<Option title="dragonpoop_prealpha_cb" />
		<Option pch_mode="2" />
		<Option compiler="gcc" />
		<Build>
			<Target title="Debug">
				<Option output="bin/Debug/dragonpoop_prealpha_cb" prefix_auto="1" extension_auto="1" />
				<Option object_output="obj/Debug/" />
				<Option type="1" />
				<Option compiler="gcc" />
				<Compiler>
					<Add option="-g" />
				</Compiler>
			</Target>
			<Target title="Release">
				<Option output="bin/Release/dragonpoop_prealpha_cb" prefix_auto="1" extension_auto="1" />
				<Option object_output="obj/Release/" />
				<Option type="1" />
				<Option compiler="gcc" />
				<Compiler>
					<Add option="-O2" />
				</Compiler>
				<Linker>
					<Add option="-s" />
				</Linker>
			</Target>
		</Build>
		<Compiler>
			<Add option="-Wall" />
			<Add option="-fexceptions" />
		</Compiler>
		<Unit filename="dragonpoop/core/bytetree/bytetree.cpp" />
		<Unit filename="dragonpoop/core/bytetree/bytetree.h" />
		<Unit filename="dragonpoop/core/bytetree/bytetrees.h" />
		<Unit filename="dragonpoop/core/bytetree/dpid_bytetree.cpp" />
		<Unit filename="dragonpoop/core/bytetree/dpid_bytetree.h" />
		<Unit filename="dragonpoop/core/bytetree/dpid_multibytetree.cpp" />
		<Unit filename="dragonpoop/core/bytetree/dpid_multibytetree.h" />
		<Unit filename="dragonpoop/core/bytetree/multibytetree.cpp" />
		<Unit filename="dragonpoop/core/bytetree/multibytetree.h" />
		<Unit filename="dragonpoop/core/core.cpp" />
		<Unit filename="dragonpoop/core/core.h" />
		<Unit filename="dragonpoop/core/cores.h" />
		<Unit filename="dragonpoop/core/dpid/dpid.cpp" />
		<Unit filename="dragonpoop/core/dpid/dpid.h" />
		<Unit filename="dragonpoop/core/dpid/dpids.h" />
		<Unit filename="dragonpoop/core/dpmutex/dpmutex.cpp" />
		<Unit filename="dragonpoop/core/dpmutex/dpmutex.h" />
		<Unit filename="dragonpoop/core/dpmutex/dpmutex_listing.h" />
		<Unit filename="dragonpoop/core/dpmutex/dpmutex_lock.cpp" />
		<Unit filename="dragonpoop/core/dpmutex/dpmutex_lock.h" />
		<Unit filename="dragonpoop/core/dpmutex/dpmutex_lock_listing.h" />
		<Unit filename="dragonpoop/core/dpmutex/dpmutex_master.cpp" />
		<Unit filename="dragonpoop/core/dpmutex/dpmutex_master.h" />
		<Unit filename="dragonpoop/core/dpmutex/dpmutex_readlock.cpp" />
		<Unit filename="dragonpoop/core/dpmutex/dpmutex_readlock.h" />
		<Unit filename="dragonpoop/core/dpmutex/dpmutex_writelock.cpp" />
		<Unit filename="dragonpoop/core/dpmutex/dpmutex_writelock.h" />
		<Unit filename="dragonpoop/core/dpmutex/dpmutexes.h" />
		<Unit filename="dragonpoop/core/dpspinlock/dpsponlock.cpp" />
		<Unit filename="dragonpoop/core/dpspinlock/dpsponlock.h" />
		<Unit filename="dragonpoop/core/dpspinlock/dpsponlocks.h" />
		<Unit filename="dragonpoop/core/dptask/dptask.cpp" />
		<Unit filename="dragonpoop/core/dptask/dptask.h" />
		<Unit filename="dragonpoop/core/dptask/dptask_owner.cpp" />
		<Unit filename="dragonpoop/core/dptask/dptask_owner.h" />
		<Unit filename="dragonpoop/core/dptask/dptask_readlock.cpp" />
		<Unit filename="dragonpoop/core/dptask/dptask_readlock.h" />
		<Unit filename="dragonpoop/core/dptask/dptask_ref.cpp" />
		<Unit filename="dragonpoop/core/dptask/dptask_ref.h" />
		<Unit filename="dragonpoop/core/dptask/dptask_writelock.cpp" />
		<Unit filename="dragonpoop/core/dptask/dptask_writelock.h" />
		<Unit filename="dragonpoop/core/dptask/dptasks.h" />
		<Unit filename="dragonpoop/core/dptaskpool/dptaskpool.cpp" />
		<Unit filename="dragonpoop/core/dptaskpool/dptaskpool.h" />
		<Unit filename="dragonpoop/core/dptaskpool/dptaskpool_readlock.cpp" />
		<Unit filename="dragonpoop/core/dptaskpool/dptaskpool_readlock.h" />
		<Unit filename="dragonpoop/core/dptaskpool/dptaskpool_ref.cpp" />
		<Unit filename="dragonpoop/core/dptaskpool/dptaskpool_ref.h" />
		<Unit filename="dragonpoop/core/dptaskpool/dptaskpool_writelock.cpp" />
		<Unit filename="dragonpoop/core/dptaskpool/dptaskpool_writelock.h" />
		<Unit filename="dragonpoop/core/dptaskpool/dptaskpools.h" />
		<Unit filename="dragonpoop/core/dpthread/dpthread.cpp" />
		<Unit filename="dragonpoop/core/dpthread/dpthread.h" />
		<Unit filename="dragonpoop/core/dpthread/dpthread_interface.cpp" />
		<Unit filename="dragonpoop/core/dpthread/dpthread_interface.h" />
		<Unit filename="dragonpoop/core/dpthread/dpthread_lock.cpp" />
		<Unit filename="dragonpoop/core/dpthread/dpthread_lock.h" />
		<Unit filename="dragonpoop/core/dpthread/dpthreads.h" />
		<Unit filename="dragonpoop/core/shared_obj/shared_obj.cpp" />
		<Unit filename="dragonpoop/core/shared_obj/shared_obj.h" />
		<Unit filename="dragonpoop/core/shared_obj/shared_obj_guard.cpp" />
		<Unit filename="dragonpoop/core/shared_obj/shared_obj_guard.h" />
		<Unit filename="dragonpoop/core/shared_obj/shared_obj_interface.cpp" />
		<Unit filename="dragonpoop/core/shared_obj/shared_obj_interface.h" />
		<Unit filename="dragonpoop/core/shared_obj/shared_obj_lock.cpp" />
		<Unit filename="dragonpoop/core/shared_obj/shared_obj_lock.h" />
		<Unit filename="dragonpoop/core/shared_obj/shared_obj_readlock.cpp" />
		<Unit filename="dragonpoop/core/shared_obj/shared_obj_readlock.h" />
		<Unit filename="dragonpoop/core/shared_obj/shared_obj_ref.cpp" />
		<Unit filename="dragonpoop/core/shared_obj/shared_obj_ref.h" />
		<Unit filename="dragonpoop/core/shared_obj/shared_obj_refkernal.cpp" />
		<Unit filename="dragonpoop/core/shared_obj/shared_obj_refkernal.h" />
		<Unit filename="dragonpoop/core/shared_obj/shared_obj_writelock.cpp" />
		<Unit filename="dragonpoop/core/shared_obj/shared_obj_writelock.h" />
		<Unit filename="dragonpoop/core/shared_obj/shared_objs.h" />
		<Unit filename="dragonpoop/dragonpoop.h" />
		<Unit filename="dragonpoop/gfx/dpbitmap/dpbitmap.cpp" />
		<Unit filename="dragonpoop/gfx/dpbitmap/dpbitmap.h" />
		<Unit filename="dragonpoop/gfx/dpbitmap/dpbitmap_bitmap_loader.cpp" />
		<Unit filename="dragonpoop/gfx/dpbitmap/dpbitmap_bitmap_loader.h" />
		<Unit filename="dragonpoop/gfx/dpbitmap/dpbitmaps.h" />
		<Unit filename="dragonpoop/gfx/dpmatrix/dpmatrix.cpp" />
		<Unit filename="dragonpoop/gfx/dpmatrix/dpmatrix.h" />
		<Unit filename="dragonpoop/gfx/dpmatrix/dpmatrixes.h" />
		<Unit filename="dragonpoop/gfx/dpvertex/dpindex.h" />
		<Unit filename="dragonpoop/gfx/dpvertex/dpindex_buffer.cpp" />
		<Unit filename="dragonpoop/gfx/dpvertex/dpindex_buffer.h" />
		<Unit filename="dragonpoop/gfx/dpvertex/dpindex_f.h" />
		<Unit filename="dragonpoop/gfx/dpvertex/dprgb_f.h" />
		<Unit filename="dragonpoop/gfx/dpvertex/dprgba.h" />
		<Unit filename="dragonpoop/gfx/dpvertex/dprgba_f.h" />
		<Unit filename="dragonpoop/gfx/dpvertex/dpst.h" />
		<Unit filename="dragonpoop/gfx/dpvertex/dpst_f.h" />
		<Unit filename="dragonpoop/gfx/dpvertex/dpvertex.cpp" />
		<Unit filename="dragonpoop/gfx/dpvertex/dpvertex.h" />
		<Unit filename="dragonpoop/gfx/dpvertex/dpvertex_buffer.cpp" />
		<Unit filename="dragonpoop/gfx/dpvertex/dpvertex_buffer.h" />
		<Unit filename="dragonpoop/gfx/dpvertex/dpvertex_buffer_indextree.cpp" />
		<Unit filename="dragonpoop/gfx/dpvertex/dpvertex_buffer_indextree.h" />
		<Unit filename="dragonpoop/gfx/dpvertex/dpvertexes.h" />
		<Unit filename="dragonpoop/gfx/dpvertex/dpvertexindex_buffer.cpp" />
		<Unit filename="dragonpoop/gfx/dpvertex/dpvertexindex_buffer.h" />
		<Unit filename="dragonpoop/gfx/dpvertex/dpxyz_f.h" />
		<Unit filename="dragonpoop/gfx/dpvertex/dpxyzw.h" />
		<Unit filename="dragonpoop/gfx/dpvertex/dpxyzw_f.h" />
		<Unit filename="dragonpoop/gfx/gfx.cpp" />
		<Unit filename="dragonpoop/gfx/gfx.h" />
		<Unit filename="dragonpoop/gfx/gfx_readlock.cpp" />
		<Unit filename="dragonpoop/gfx/gfx_readlock.h" />
		<Unit filename="dragonpoop/gfx/gfx_ref.cpp" />
		<Unit filename="dragonpoop/gfx/gfx_ref.h" />
		<Unit filename="dragonpoop/gfx/gfx_task.cpp" />
		<Unit filename="dragonpoop/gfx/gfx_task.h" />
		<Unit filename="dragonpoop/gfx/gfx_writelock.cpp" />
		<Unit filename="dragonpoop/gfx/gfx_writelock.h" />
		<Unit filename="dragonpoop/gfx/gfxs.h" />
		<Unit filename="dragonpoop/gfx/model/model.cpp" />
		<Unit filename="dragonpoop/gfx/model/model.h" />
		<Unit filename="dragonpoop/gfx/model/model_component/model_component.cpp" />
		<Unit filename="dragonpoop/gfx/model/model_component/model_component.h" />
		<Unit filename="dragonpoop/gfx/model/model_component/model_component_types.h" />
		<Unit filename="dragonpoop/gfx/model/model_component/model_components.h" />
		<Unit filename="dragonpoop/gfx/model/model_group/model_group.cpp" />
		<Unit filename="dragonpoop/gfx/model/model_group/model_group.h" />
		<Unit filename="dragonpoop/gfx/model/model_group/model_groups.h" />
		<Unit filename="dragonpoop/gfx/model/model_group_triangle/model_group_triangle.cpp" />
		<Unit filename="dragonpoop/gfx/model/model_group_triangle/model_group_triangle.h" />
		<Unit filename="dragonpoop/gfx/model/model_group_triangle/model_group_triangles.h" />
		<Unit filename="dragonpoop/gfx/model/model_readlock.cpp" />
		<Unit filename="dragonpoop/gfx/model/model_readlock.h" />
		<Unit filename="dragonpoop/gfx/model/model_ref.cpp" />
		<Unit filename="dragonpoop/gfx/model/model_ref.h" />
		<Unit filename="dragonpoop/gfx/model/model_task.cpp" />
		<Unit filename="dragonpoop/gfx/model/model_task.h" />
		<Unit filename="dragonpoop/gfx/model/model_triangle/model_triangle.cpp" />
		<Unit filename="dragonpoop/gfx/model/model_triangle/model_triangle.h" />
		<Unit filename="dragonpoop/gfx/model/model_triangle/model_triangles.h" />
		<Unit filename="dragonpoop/gfx/model/model_triangle_vertex/model_triangle_vertex.cpp" />
		<Unit filename="dragonpoop/gfx/model/model_triangle_vertex/model_triangle_vertex.h" />
		<Unit filename="dragonpoop/gfx/model/model_triangle_vertex/model_triangle_vertexes.h" />
		<Unit filename="dragonpoop/gfx/model/model_vertex/model_vertex.cpp" />
		<Unit filename="dragonpoop/gfx/model/model_vertex/model_vertex.h" />
		<Unit filename="dragonpoop/gfx/model/model_vertex/model_vertexes.h" />
		<Unit filename="dragonpoop/gfx/model/model_writelock.cpp" />
		<Unit filename="dragonpoop/gfx/model/model_writelock.h" />
		<Unit filename="dragonpoop/gfx/model/models.h" />
		<Unit filename="dragonpoop/os_define.h" />
		<Unit filename="dragonpoop/renderer/openglx_1o5_renderer/openglx_1o5_renderer.cpp" />
		<Unit filename="dragonpoop/renderer/openglx_1o5_renderer/openglx_1o5_renderer.h" />
		<Unit filename="dragonpoop/renderer/openglx_1o5_renderer/openglx_1o5_renderer_readlock.cpp" />
		<Unit filename="dragonpoop/renderer/openglx_1o5_renderer/openglx_1o5_renderer_readlock.h" />
		<Unit filename="dragonpoop/renderer/openglx_1o5_renderer/openglx_1o5_renderer_ref.cpp" />
		<Unit filename="dragonpoop/renderer/openglx_1o5_renderer/openglx_1o5_renderer_ref.h" />
		<Unit filename="dragonpoop/renderer/openglx_1o5_renderer/openglx_1o5_renderer_writelock.cpp" />
		<Unit filename="dragonpoop/renderer/openglx_1o5_renderer/openglx_1o5_renderer_writelock.h" />
		<Unit filename="dragonpoop/renderer/openglx_1o5_renderer/openglx_1o5_renderers.h" />
		<Unit filename="dragonpoop/renderer/renderer.cpp" />
		<Unit filename="dragonpoop/renderer/renderer.h" />
		<Unit filename="dragonpoop/renderer/renderer_readlock.cpp" />
		<Unit filename="dragonpoop/renderer/renderer_readlock.h" />
		<Unit filename="dragonpoop/renderer/renderer_ref.cpp" />
		<Unit filename="dragonpoop/renderer/renderer_ref.h" />
		<Unit filename="dragonpoop/renderer/renderer_task.cpp" />
		<Unit filename="dragonpoop/renderer/renderer_task.h" />
		<Unit filename="dragonpoop/renderer/renderer_writelock.cpp" />
		<Unit filename="dragonpoop/renderer/renderer_writelock.h" />
		<Unit filename="dragonpoop/renderer/renderers.h" />
		<Unit filename="main.cpp" />
		<Extensions>
			<code_completion />
			<envvars />
			<debugger />
			<lib_finder disable_auto="1" />
		</Extensions>
	</Project>
</CodeBlocks_project_file>
